<?xml version="1.0" encoding="utf-8"?>
<Project ToolsVersion="4.0" xmlns="http://schemas.microsoft.com/developer/msbuild/2003">
  <ItemGroup>
    <ClCompile Include="j1App.cpp">
      <Filter>Development  ========</Filter>
    </ClCompile>
    <ClCompile Include="j1Main.cpp">
      <Filter>Development  ========</Filter>
    </ClCompile>
    <ClCompile Include="p2Log.cpp">
      <Filter>Utilities ===========</Filter>
    </ClCompile>
    <ClCompile Include="j1Scene.cpp">
      <Filter>Development  ========\Scenes</Filter>
    </ClCompile>
    <ClCompile Include="PugiXml\src\pugixml.cpp">
      <Filter>Development  ========\Tools\PuguiXML</Filter>
    </ClCompile>
    <ClCompile Include="j1Timer.cpp">
      <Filter>Development  ========\Tools</Filter>
    </ClCompile>
    <ClCompile Include="j1PerfTimer.cpp">
      <Filter>Development  ========\Tools</Filter>
    </ClCompile>
    <ClCompile Include="j1Audio.cpp">
      <Filter>Development  ========\Modules\Core</Filter>
    </ClCompile>
    <ClCompile Include="j1Input.cpp">
      <Filter>Development  ========\Modules\Core</Filter>
    </ClCompile>
    <ClCompile Include="j1Map.cpp">
      <Filter>Development  ========\Modules\Core</Filter>
    </ClCompile>
    <ClCompile Include="j1Render.cpp">
      <Filter>Development  ========\Modules\Core</Filter>
    </ClCompile>
    <ClCompile Include="j1Textures.cpp">
      <Filter>Development  ========\Modules\Core</Filter>
    </ClCompile>
    <ClCompile Include="j1Window.cpp">
      <Filter>Development  ========\Modules\Core</Filter>
    </ClCompile>
    <ClCompile Include="j1Pathfinding.cpp">
      <Filter>Development  ========\Modules\Entities\Tools</Filter>
    </ClCompile>
    <ClCompile Include="j1ParticleSystem.cpp">
      <Filter>Development  ========\Modules\Entities\Tools</Filter>
    </ClCompile>
  </ItemGroup>
  <ItemGroup>
    <ClInclude Include="j1App.h">
      <Filter>Development  ========</Filter>
    </ClInclude>
    <ClInclude Include="j1Module.h">
      <Filter>Development  ========</Filter>
    </ClInclude>
    <ClInclude Include="p2Defs.h">
      <Filter>Utilities ===========</Filter>
    </ClInclude>
    <ClInclude Include="p2Log.h">
      <Filter>Utilities ===========</Filter>
    </ClInclude>
    <ClInclude Include="p2Point.h">
      <Filter>Utilities ===========</Filter>
    </ClInclude>
    <ClInclude Include="j1Scene.h">
      <Filter>Development  ========\Scenes</Filter>
    </ClInclude>
    <ClInclude Include="PugiXml\src\pugiconfig.hpp">
      <Filter>Development  ========\Tools\PuguiXML</Filter>
    </ClInclude>
    <ClInclude Include="PugiXml\src\pugixml.hpp">
      <Filter>Development  ========\Tools\PuguiXML</Filter>
    </ClInclude>
    <ClInclude Include="j1Timer.h">
      <Filter>Development  ========\Tools</Filter>
    </ClInclude>
    <ClInclude Include="j1PerfTimer.h">
      <Filter>Development  ========\Tools</Filter>
    </ClInclude>
    <ClInclude Include="j1Audio.h">
      <Filter>Development  ========\Modules\Core</Filter>
    </ClInclude>
    <ClInclude Include="j1Input.h">
      <Filter>Development  ========\Modules\Core</Filter>
    </ClInclude>
    <ClInclude Include="j1Map.h">
      <Filter>Development  ========\Modules\Core</Filter>
    </ClInclude>
    <ClInclude Include="j1Render.h">
      <Filter>Development  ========\Modules\Core</Filter>
    </ClInclude>
    <ClInclude Include="j1Textures.h">
      <Filter>Development  ========\Modules\Core</Filter>
    </ClInclude>
    <ClInclude Include="j1Window.h">
      <Filter>Development  ========\Modules\Core</Filter>
    </ClInclude>
    <ClInclude Include="j1Pathfinding.h">
      <Filter>Development  ========\Modules\Entities\Tools</Filter>
    </ClInclude>
    <ClInclude Include="j1ParticleSystem.h">
      <Filter>Development  ========\Modules\Entities\Tools</Filter>
    </ClInclude>
  </ItemGroup>
  <ItemGroup>
    <Filter Include="Utilities ===========">
      <UniqueIdentifier>{a8bfab6a-5472-4969-943e-861a8b493f08}</UniqueIdentifier>
    </Filter>
    <Filter Include="Development  ========">
      <UniqueIdentifier>{cb944693-b9d0-484c-bad2-02d5a7cdbec6}</UniqueIdentifier>
    </Filter>
    <Filter Include="Development  ========\Tools">
      <UniqueIdentifier>{42c748be-4a37-49de-970f-5be811d06b38}</UniqueIdentifier>
    </Filter>
    <Filter Include="Development  ========\Tools\PuguiXML">
      <UniqueIdentifier>{7cb78d67-17cc-45eb-af97-e2106becce7b}</UniqueIdentifier>
    </Filter>
    <Filter Include="Development  ========\Scenes">
      <UniqueIdentifier>{e07660eb-d36f-4cc9-af59-324d31c2f2f6}</UniqueIdentifier>
    </Filter>
    <Filter Include="Development  ========\Modules">
      <UniqueIdentifier>{244722d1-90ce-423d-8e7a-556211865a32}</UniqueIdentifier>
    </Filter>
    <Filter Include="Development  ========\Modules\Core">
      <UniqueIdentifier>{bcb41c38-6cfb-47c8-877b-09472f5b8a29}</UniqueIdentifier>
    </Filter>
    <Filter Include="Development  ========\Modules\Entities">
      <UniqueIdentifier>{22892218-f465-403a-be9b-e104b0a6be59}</UniqueIdentifier>
    </Filter>
    <Filter Include="Development  ========\Modules\Entities\Tools">
      <UniqueIdentifier>{5bd7ebd8-39cd-4afc-b5e2-f75654684368}</UniqueIdentifier>
    </Filter>
  </ItemGroup>
</Project>